
Microsoft Visual Studio Solution File, Format Version 12.00
# Visual Studio Version 16
VisualStudioVersion = 16.0.34407.143
MinimumVisualStudioVersion = 10.0.40219.1
Project("{FAE04EC0-301F-11D3-BF4B-00C04F79EFBC}") = "Dialog Creator", "Dialog Creator\Dialog Creator.csproj", "{5F3846DA-36AD-492F-B567-9E7AF0DE591A}"
EndProject
Global
	GlobalSection(SolutionConfigurationPlatforms) = preSolution
		Debug|Any CPU = Debug|Any CPU
		Release|Any CPU = Release|Any CPU
	EndGlobalSection
	GlobalSection(ProjectConfigurationPlatforms) = postSolution
		{5F3846DA-36AD-492F-B567-9E7AF0DE591A}.Debug|Any CPU.ActiveCfg = Debug|Any CPU
		{5F3846DA-36AD-492F-B567-9E7AF0DE591A}.Debug|Any CPU.Build.0 = Debug|Any CPU
		{5F3846DA-36AD-492F-B567-9E7AF0DE591A}.Release|Any CPU.ActiveCfg = Release|Any CPU
		{5F3846DA-36AD-492F-B567-9E7AF0DE591A}.Release|Any CPU.Build.0 = Release|Any CPU
	EndGlobalSection
	GlobalSection(SolutionProperties) = preSolution
		HideSolutionNode = FALSE
	EndGlobalSection
	GlobalSection(ExtensibilityGlobals) = postSolution
		SolutionGuid = {EF30A20F-4B3B-4A13-937D-B08A1F1350A9}
	EndGlobalSection
EndGlobal
